
Microsoft Visual Studio Solution File, Format Version 12.00
# Visual Studio 2013
VisualStudioVersion = 12.0.40629.0
MinimumVisualStudioVersion = 10.0.40219.1
Project("{00D1A9C2-B5F0-4AF3-8072-F6C62B433612}") = "Conqueror", "Conqueror\Conqueror.sqlproj", "{3616F20F-F45C-4B6B-A8BC-3038A8BBCAE9}"
EndProject
Project("{159641D6-6404-4A2A-AE62-294DE0FE8301}") = "SSISConquerorContactos", "SSISConquerorContactos\SSISConquerorContactos.dtproj", "{6022150E-693C-4940-A212-0FC96C620C3B}"
EndProject
Global
	GlobalSection(SolutionConfigurationPlatforms) = preSolution
		Debug|Any CPU = Debug|Any CPU
		Development|Any CPU = Development|Any CPU
		Release|Any CPU = Release|Any CPU
	EndGlobalSection
	GlobalSection(ProjectConfigurationPlatforms) = postSolution
		{3616F20F-F45C-4B6B-A8BC-3038A8BBCAE9}.Debug|Any CPU.ActiveCfg = Debug|Any CPU
		{3616F20F-F45C-4B6B-A8BC-3038A8BBCAE9}.Debug|Any CPU.Build.0 = Debug|Any CPU
		{3616F20F-F45C-4B6B-A8BC-3038A8BBCAE9}.Debug|Any CPU.Deploy.0 = Debug|Any CPU
		{3616F20F-F45C-4B6B-A8BC-3038A8BBCAE9}.Development|Any CPU.ActiveCfg = Debug|Any CPU
		{3616F20F-F45C-4B6B-A8BC-3038A8BBCAE9}.Development|Any CPU.Build.0 = Debug|Any CPU
		{3616F20F-F45C-4B6B-A8BC-3038A8BBCAE9}.Development|Any CPU.Deploy.0 = Debug|Any CPU
		{3616F20F-F45C-4B6B-A8BC-3038A8BBCAE9}.Release|Any CPU.ActiveCfg = Release|Any CPU
		{3616F20F-F45C-4B6B-A8BC-3038A8BBCAE9}.Release|Any CPU.Build.0 = Release|Any CPU
		{3616F20F-F45C-4B6B-A8BC-3038A8BBCAE9}.Release|Any CPU.Deploy.0 = Release|Any CPU
		{6022150E-693C-4940-A212-0FC96C620C3B}.Debug|Any CPU.ActiveCfg = Development
		{6022150E-693C-4940-A212-0FC96C620C3B}.Debug|Any CPU.Build.0 = Development
		{6022150E-693C-4940-A212-0FC96C620C3B}.Development|Any CPU.ActiveCfg = Development
		{6022150E-693C-4940-A212-0FC96C620C3B}.Development|Any CPU.Build.0 = Development
		{6022150E-693C-4940-A212-0FC96C620C3B}.Release|Any CPU.ActiveCfg = Development
		{6022150E-693C-4940-A212-0FC96C620C3B}.Release|Any CPU.Build.0 = Development
	EndGlobalSection
	GlobalSection(SolutionProperties) = preSolution
		HideSolutionNode = FALSE
	EndGlobalSection
EndGlobal
